PODS:
  - ApplozicCore (8.1.0)
  - ApplozicSwift (6.0.0):
    - ApplozicSwift/Complete (= 6.0.0)
  - ApplozicSwift/Complete (6.0.0):
    - ApplozicCore (~> 8.1.0)
    - ApplozicSwift/RichMessageKit
    - Kingfisher (~> 5.14.0)
    - SwipeCellKit (~> 2.7.1)
  - ApplozicSwift/RichMessageKit (6.0.0)
  - Kingfisher (5.14.1):
    - Kingfisher/Core (= 5.14.1)
  - Kingfisher/Core (5.14.1)
  - SwipeCellKit (2.7.1)

DEPENDENCIES:
  - ApplozicSwift

SPEC REPOS:
  trunk:
    - ApplozicCore
    - ApplozicSwift
    - Kingfisher
    - SwipeCellKit

SPEC CHECKSUMS:
  ApplozicCore: db1ccbf9e98788a7a32550486831b13019f29dad
  ApplozicSwift: cd0f2f23df075d0ea2f48806e33394cf4b17c121
  Kingfisher: 8050bc6f7f68cbf3908bd04df7ccbac188f6d6d6
  SwipeCellKit: 3972254a826da74609926daf59b08d6c72e619ea

PODFILE CHECKSUM: 71e4f31cd6bc2f839d4425c67f947d706d3e2f11

COCOAPODS: 1.10.1
